
Microsoft Visual Studio Solution File, Format Version 12.00
# Visual Studio 2012
Project("{FAE04EC0-301F-11D3-BF4B-00C04F79EFBC}") = "CityAlert", "CityAlert\CityAlert.csproj", "{6C0A5EDC-0605-44F5-98CD-DDD4F84F5D80}"
EndProject
Project("{FAE04EC0-301F-11D3-BF4B-00C04F79EFBC}") = "CityAlertWS", "CityAlertWS\CityAlertWS.csproj", "{808A7C68-59C0-4BA1-8BC3-540BB6A323AF}"
EndProject
Global
	GlobalSection(SolutionConfigurationPlatforms) = preSolution
		Debug|Any CPU = Debug|Any CPU
		Release|Any CPU = Release|Any CPU
	EndGlobalSection
	GlobalSection(ProjectConfigurationPlatforms) = postSolution
		{6C0A5EDC-0605-44F5-98CD-DDD4F84F5D80}.Debug|Any CPU.ActiveCfg = Debug|Any CPU
		{6C0A5EDC-0605-44F5-98CD-DDD4F84F5D80}.Debug|Any CPU.Build.0 = Debug|Any CPU
		{6C0A5EDC-0605-44F5-98CD-DDD4F84F5D80}.Release|Any CPU.ActiveCfg = Release|Any CPU
		{6C0A5EDC-0605-44F5-98CD-DDD4F84F5D80}.Release|Any CPU.Build.0 = Release|Any CPU
		{808A7C68-59C0-4BA1-8BC3-540BB6A323AF}.Debug|Any CPU.ActiveCfg = Debug|Any CPU
		{808A7C68-59C0-4BA1-8BC3-540BB6A323AF}.Debug|Any CPU.Build.0 = Debug|Any CPU
		{808A7C68-59C0-4BA1-8BC3-540BB6A323AF}.Release|Any CPU.ActiveCfg = Release|Any CPU
		{808A7C68-59C0-4BA1-8BC3-540BB6A323AF}.Release|Any CPU.Build.0 = Release|Any CPU
	EndGlobalSection
	GlobalSection(SolutionProperties) = preSolution
		HideSolutionNode = FALSE
	EndGlobalSection
EndGlobal
